// !$*UTF8*$!
{
	archiveVersion = 1;
	classes = {
	};
	objectVersion = 46;
	objects = {

/* Begin PBXBuildFile section */
		53CF3DD21E8A26E50073A516 /* AppDelegate.swift in Sources */ = {isa = PBXBuildFile; fileRef = 53CF3DD11E8A26E50073A516 /* AppDelegate.swift */; };
		53CF3DD41E8A26E50073A516 /* ViewController.swift in Sources */ = {isa = PBXBuildFile; fileRef = 53CF3DD31E8A26E50073A516 /* ViewController.swift */; };
		53CF3DD71E8A26E50073A516 /* Main.storyboard in Resources */ = {isa = PBXBuildFile; fileRef = 53CF3DD51E8A26E50073A516 /* Main.storyboard */; };
		53CF3DD91E8A26E50073A516 /* Assets.xcassets in Resources */ = {isa = PBXBuildFile; fileRef = 53CF3DD81E8A26E50073A516 /* Assets.xcassets */; };
		53CF3DDC1E8A26E50073A516 /* LaunchScreen.storyboard in Resources */ = {isa = PBXBuildFile; fileRef = 53CF3DDA1E8A26E50073A516 /* LaunchScreen.storyboard */; };
		53CF3DE71E8A27760073A516 /* PokedexTVC.swift in Sources */ = {isa = PBXBuildFile; fileRef = 53CF3DE61E8A27760073A516 /* PokedexTVC.swift */; };
		53CF3DE91E8A27BB0073A516 /* pokemons.json in Resources */ = {isa = PBXBuildFile; fileRef = 53CF3DE81E8A27BB0073A516 /* pokemons.json */; };
		53CF3DEB1E8A28340073A516 /* PokeCell.swift in Sources */ = {isa = PBXBuildFile; fileRef = 53CF3DEA1E8A28340073A516 /* PokeCell.swift */; };
		53CF3DED1E8A284A0073A516 /* Pokemon.swift in Sources */ = {isa = PBXBuildFile; fileRef = 53CF3DEC1E8A284A0073A516 /* Pokemon.swift */; };
		53CF3DF01E8A28E30073A516 /* PokemonData.swift in Sources */ = {isa = PBXBuildFile; fileRef = 53CF3DEF1E8A28E30073A516 /* PokemonData.swift */; };
		53CF3DF31E8A29580073A516 /* Constants.swift in Sources */ = {isa = PBXBuildFile; fileRef = 53CF3DF21E8A29580073A516 /* Constants.swift */; };
		53CF3DF51E8A34590073A516 /* LoadJSON.swift in Sources */ = {isa = PBXBuildFile; fileRef = 53CF3DF41E8A34590073A516 /* LoadJSON.swift */; };
		53CF3DF81E8A3C250073A516 /* Extension.swift in Sources */ = {isa = PBXBuildFile; fileRef = 53CF3DF71E8A3C250073A516 /* Extension.swift */; };
/* End PBXBuildFile section */

/* Begin PBXFileReference section */
		53CF3DCE1E8A26E50073A516 /* PokedexApp.app */ = {isa = PBXFileReference; explicitFileType = wrapper.application; includeInIndex = 0; path = PokedexApp.app; sourceTree = BUILT_PRODUCTS_DIR; };
		53CF3DD11E8A26E50073A516 /* AppDelegate.swift */ = {isa = PBXFileReference; lastKnownFileType = sourcecode.swift; path = AppDelegate.swift; sourceTree = "<group>"; };
		53CF3DD31E8A26E50073A516 /* ViewController.swift */ = {isa = PBXFileReference; lastKnownFileType = sourcecode.swift; path = ViewController.swift; sourceTree = "<group>"; };
		53CF3DD61E8A26E50073A516 /* Base */ = {isa = PBXFileReference; lastKnownFileType = file.storyboard; name = Base; path = Base.lproj/Main.storyboard; sourceTree = "<group>"; };
		53CF3DD81E8A26E50073A516 /* Assets.xcassets */ = {isa = PBXFileReference; lastKnownFileType = folder.assetcatalog; path = Assets.xcassets; sourceTree = "<group>"; };
		53CF3DDB1E8A26E50073A516 /* Base */ = {isa = PBXFileReference; lastKnownFileType = file.storyboard; name = Base; path = Base.lproj/LaunchScreen.storyboard; sourceTree = "<group>"; };
		53CF3DDD1E8A26E50073A516 /* Info.plist */ = {isa = PBXFileReference; lastKnownFileType = text.plist.xml; path = Info.plist; sourceTree = "<group>"; };
		53CF3DE61E8A27760073A516 /* PokedexTVC.swift */ = {isa = PBXFileReference; fileEncoding = 4; lastKnownFileType = sourcecode.swift; path = PokedexTVC.swift; sourceTree = "<group>"; };
		53CF3DE81E8A27BB0073A516 /* pokemons.json */ = {isa = PBXFileReference; fileEncoding = 4; lastKnownFileType = text.json; path = pokemons.json; sourceTree = "<group>"; };
		53CF3DEA1E8A28340073A516 /* PokeCell.swift */ = {isa = PBXFileReference; fileEncoding = 4; lastKnownFileType = sourcecode.swift; path = PokeCell.swift; sourceTree = "<group>"; };
		53CF3DEC1E8A284A0073A516 /* Pokemon.swift */ = {isa = PBXFileReference; fileEncoding = 4; lastKnownFileType = sourcecode.swift; path = Pokemon.swift; sourceTree = "<group>"; };
		53CF3DEF1E8A28E30073A516 /* PokemonData.swift */ = {isa = PBXFileReference; fileEncoding = 4; lastKnownFileType = sourcecode.swift; path = PokemonData.swift; sourceTree = "<group>"; };
		53CF3DF21E8A29580073A516 /* Constants.swift */ = {isa = PBXFileReference; fileEncoding = 4; lastKnownFileType = sourcecode.swift; path = Constants.swift; sourceTree = "<group>"; };
		53CF3DF41E8A34590073A516 /* LoadJSON.swift */ = {isa = PBXFileReference; fileEncoding = 4; lastKnownFileType = sourcecode.swift; path = LoadJSON.swift; sourceTree = "<group>"; };
		53CF3DF71E8A3C250073A516 /* Extension.swift */ = {isa = PBXFileReference; fileEncoding = 4; lastKnownFileType = sourcecode.swift; path = Extension.swift; sourceTree = "<group>"; };
/* End PBXFileReference section */

/* Begin PBXFrameworksBuildPhase section */
		53CF3DCB1E8A26E50073A516 /* Frameworks */ = {
			isa = PBXFrameworksBuildPhase;
			buildActionMask = 2147483647;
			files = (
			);
			runOnlyForDeploymentPostprocessing = 0;
		};
/* End PBXFrameworksBuildPhase section */

/* Begin PBXGroup section */
		53CF3DC51E8A26E50073A516 = {
			isa = PBXGroup;
			children = (
				53CF3DD01E8A26E50073A516 /* PokedexApp */,
				53CF3DCF1E8A26E50073A516 /* Products */,
			);
			sourceTree = "<group>";
		};
		53CF3DCF1E8A26E50073A516 /* Products */ = {
			isa = PBXGroup;
			children = (
				53CF3DCE1E8A26E50073A516 /* PokedexApp.app */,
			);
			name = Products;
			sourceTree = "<group>";
		};
		53CF3DD01E8A26E50073A516 /* PokedexApp */ = {
			isa = PBXGroup;
			children = (
				53CF3DE41E8A27050073A516 /* View */,
				53CF3DE31E8A27000073A516 /* Model */,
				53CF3DE51E8A27090073A516 /* Controller */,
				53CF3DEE1E8A28D10073A516 /* Utilities */,
				53CF3DF11E8A29450073A516 /* Constants */,
				53CF3DD81E8A26E50073A516 /* Assets.xcassets */,
				53CF3DD51E8A26E50073A516 /* Main.storyboard */,
				53CF3DDA1E8A26E50073A516 /* LaunchScreen.storyboard */,
				53CF3DDD1E8A26E50073A516 /* Info.plist */,
				53CF3DE81E8A27BB0073A516 /* pokemons.json */,
			);
			path = PokedexApp;
			sourceTree = "<group>";
		};
		53CF3DE31E8A27000073A516 /* Model */ = {
			isa = PBXGroup;
			children = (
				53CF3DD11E8A26E50073A516 /* AppDelegate.swift */,
				53CF3DEC1E8A284A0073A516 /* Pokemon.swift */,
			);
			name = Model;
			sourceTree = "<group>";
		};
		53CF3DE41E8A27050073A516 /* View */ = {
			isa = PBXGroup;
			children = (
				53CF3DEA1E8A28340073A516 /* PokeCell.swift */,
			);
			name = View;
			sourceTree = "<group>";
		};
		53CF3DE51E8A27090073A516 /* Controller */ = {
			isa = PBXGroup;
			children = (
				53CF3DD31E8A26E50073A516 /* ViewController.swift */,
				53CF3DE61E8A27760073A516 /* PokedexTVC.swift */,
			);
			name = Controller;
			sourceTree = "<group>";
		};
		53CF3DEE1E8A28D10073A516 /* Utilities */ = {
			isa = PBXGroup;
			children = (
				53CF3DEF1E8A28E30073A516 /* PokemonData.swift */,
				53CF3DF71E8A3C250073A516 /* Extension.swift */,
			);
			name = Utilities;
			sourceTree = "<group>";
		};
		53CF3DF11E8A29450073A516 /* Constants */ = {
			isa = PBXGroup;
			children = (
				53CF3DF21E8A29580073A516 /* Constants.swift */,
				53CF3DF41E8A34590073A516 /* LoadJSON.swift */,
			);
			name = Constants;
			sourceTree = "<group>";
		};
/* End PBXGroup section */

/* Begin PBXNativeTarget section */
		53CF3DCD1E8A26E50073A516 /* PokedexApp */ = {
			isa = PBXNativeTarget;
			buildConfigurationList = 53CF3DE01E8A26E50073A516 /* Build configuration list for PBXNativeTarget "PokedexApp" */;
			buildPhases = (
				53CF3DCA1E8A26E50073A516 /* Sources */,
				53CF3DCB1E8A26E50073A516 /* Frameworks */,
				53CF3DCC1E8A26E50073A516 /* Resources */,
			);
			buildRules = (
			);
			dependencies = (
			);
			name = PokedexApp;
			productName = PokedexApp;
			productReference = 53CF3DCE1E8A26E50073A516 /* PokedexApp.app */;
			productType = "com.apple.product-type.application";
		};
/* End PBXNativeTarget section */

/* Begin PBXProject section */
		53CF3DC61E8A26E50073A516 /* Project object */ = {
			isa = PBXProject;
			attributes = {
				LastSwiftUpdateCheck = 0820;
				LastUpgradeCheck = 0820;
				ORGANIZATIONNAME = iDara09;
				TargetAttributes = {
					53CF3DCD1E8A26E50073A516 = {
						CreatedOnToolsVersion = 8.2.1;
						DevelopmentTeam = J58QF9TXDQ;
						ProvisioningStyle = Automatic;
					};
				};
			};
			buildConfigurationList = 53CF3DC91E8A26E50073A516 /* Build configuration list for PBXProject "PokedexApp" */;
			compatibilityVersion = "Xcode 3.2";
			developmentRegion = English;
			hasScannedForEncodings = 0;
			knownRegions = (
				en,
				Base,
			);
			mainGroup = 53CF3DC51E8A26E50073A516;
			productRefGroup = 53CF3DCF1E8A26E50073A516 /* Products */;
			projectDirPath = "";
			projectRoot = "";
			targets = (
				53CF3DCD1E8A26E50073A516 /* PokedexApp */,
			);
		};
/* End PBXProject section */

/* Begin PBXResourcesBuildPhase section */
		53CF3DCC1E8A26E50073A516 /* Resources */ = {
			isa = PBXResourcesBuildPhase;
			buildActionMask = 2147483647;
			files = (
				53CF3DDC1E8A26E50073A516 /* LaunchScreen.storyboard in Resources */,
				53CF3DE91E8A27BB0073A516 /* pokemons.json in Resources */,
				53CF3DD91E8A26E50073A516 /* Assets.xcassets in Resources */,
				53CF3DD71E8A26E50073A516 /* Main.storyboard in Resources */,
			);
			runOnlyForDeploymentPostprocessing = 0;
		};
/* End PBXResourcesBuildPhase section */

/* Begin PBXSourcesBuildPhase section */
		53CF3DCA1E8A26E50073A516 /* Sources */ = {
			isa = PBXSourcesBuildPhase;
			buildActionMask = 2147483647;
			files = (
				53CF3DF81E8A3C250073A516 /* Extension.swift in Sources */,
				53CF3DED1E8A284A0073A516 /* Pokemon.swift in Sources */,
				53CF3DF01E8A28E30073A516 /* PokemonData.swift in Sources */,
				53CF3DEB1E8A28340073A516 /* PokeCell.swift in Sources */,
				53CF3DF51E8A34590073A516 /* LoadJSON.swift in Sources */,
				53CF3DD41E8A26E50073A516 /* ViewController.swift in Sources */,
				53CF3DF31E8A29580073A516 /* Constants.swift in Sources */,
				53CF3DE71E8A27760073A516 /* PokedexTVC.swift in Sources */,
				53CF3DD21E8A26E50073A516 /* AppDelegate.swift in Sources */,
			);
			runOnlyForDeploymentPostprocessing = 0;
		};
/* End PBXSourcesBuildPhase section */

/* Begin PBXVariantGroup section */
		53CF3DD51E8A26E50073A516 /* Main.storyboard */ = {
			isa = PBXVariantGroup;
			children = (
				53CF3DD61E8A26E50073A516 /* Base */,
			);
			name = Main.storyboard;
			sourceTree = "<group>";
		};
		53CF3DDA1E8A26E50073A516 /* LaunchScreen.storyboard */ = {
			isa = PBXVariantGroup;
			children = (
				53CF3DDB1E8A26E50073A516 /* Base */,
			);
			name = LaunchScreen.storyboard;
			sourceTree = "<group>";
		};
/* End PBXVariantGroup section */

/* Begin XCBuildConfiguration section */
		53CF3DDE1E8A26E50073A516 /* Debug */ = {
			isa = XCBuildConfiguration;
			buildSettings = {
				ALWAYS_SEARCH_USER_PATHS = NO;
				CLANG_ANALYZER_NONNULL = YES;
				CLANG_CXX_LANGUAGE_STANDARD = "gnu++0x";
				CLANG_CXX_LIBRARY = "libc++";
				CLANG_ENABLE_MODULES = YES;
				CLANG_ENABLE_OBJC_ARC = YES;
				CLANG_WARN_BOOL_CONVERSION = YES;
				CLANG_WARN_CONSTANT_CONVERSION = YES;
				CLANG_WARN_DIRECT_OBJC_ISA_USAGE = YES_ERROR;
				CLANG_WARN_DOCUMENTATION_COMMENTS = YES;
				CLANG_WARN_EMPTY_BODY = YES;
				CLANG_WARN_ENUM_CONVERSION = YES;
				CLANG_WARN_INFINITE_RECURSION = YES;
				CLANG_WARN_INT_CONVERSION = YES;
				CLANG_WARN_OBJC_ROOT_CLASS = YES_ERROR;
				CLANG_WARN_SUSPICIOUS_MOVE = YES;
				CLANG_WARN_UNREACHABLE_CODE = YES;
				CLANG_WARN__DUPLICATE_METHOD_MATCH = YES;
				"CODE_SIGN_IDENTITY[sdk=iphoneos*]" = "iPhone Developer";
				COPY_PHASE_STRIP = NO;
				DEBUG_INFORMATION_FORMAT = dwarf;
				ENABLE_STRICT_OBJC_MSGSEND = YES;
				ENABLE_TESTABILITY = YES;
				GCC_C_LANGUAGE_STANDARD = gnu99;
				GCC_DYNAMIC_NO_PIC = NO;
				GCC_NO_COMMON_BLOCKS = YES;
				GCC_OPTIMIZATION_LEVEL = 0;
				GCC_PREPROCESSOR_DEFINITIONS = (
					"DEBUG=1",
					"$(inherited)",
				);
				GCC_WARN_64_TO_32_BIT_CONVERSION = YES;
				GCC_WARN_ABOUT_RETURN_TYPE = YES_ERROR;
				GCC_WARN_UNDECLARED_SELECTOR = YES;
				GCC_WARN_UNINITIALIZED_AUTOS = YES_AGGRESSIVE;
				GCC_WARN_UNUSED_FUNCTION = YES;
				GCC_WARN_UNUSED_VARIABLE = YES;
				IPHONEOS_DEPLOYMENT_TARGET = 10.2;
				MTL_ENABLE_DEBUG_INFO = YES;
				ONLY_ACTIVE_ARCH = YES;
				SDKROOT = iphoneos;
				SWIFT_ACTIVE_COMPILATION_CONDITIONS = DEBUG;
				SWIFT_OPTIMIZATION_LEVEL = "-Onone";
				TARGETED_DEVICE_FAMILY = "1,2";
			};
			name = Debug;
		};
		53CF3DDF1E8A26E50073A516 /* Release */ = {
			isa = XCBuildConfiguration;
			buildSettings = {
				ALWAYS_SEARCH_USER_PATHS = NO;
				CLANG_ANALYZER_NONNULL = YES;
				CLANG_CXX_LANGUAGE_STANDARD = "gnu++0x";
				CLANG_CXX_LIBRARY = "libc++";
				CLANG_ENABLE_MODULES = YES;
				CLANG_ENABLE_OBJC_ARC = YES;
				CLANG_WARN_BOOL_CONVERSION = YES;
				CLANG_WARN_CONSTANT_CONVERSION = YES;
				CLANG_WARN_DIRECT_OBJC_ISA_USAGE = YES_ERROR;
				CLANG_WARN_DOCUMENTATION_COMMENTS = YES;
				CLANG_WARN_EMPTY_BODY = YES;
				CLANG_WARN_ENUM_CONVERSION = YES;
				CLANG_WARN_INFINITE_RECURSION = YES;
				CLANG_WARN_INT_CONVERSION = YES;
				CLANG_WARN_OBJC_ROOT_CLASS = YES_ERROR;
				CLANG_WARN_SUSPICIOUS_MOVE = YES;
				CLANG_WARN_UNREACHABLE_CODE = YES;
				CLANG_WARN__DUPLICATE_METHOD_MATCH = YES;
				"CODE_SIGN_IDENTITY[sdk=iphoneos*]" = "iPhone Developer";
				COPY_PHASE_STRIP = NO;
				DEBUG_INFORMATION_FORMAT = "dwarf-with-dsym";
				ENABLE_NS_ASSERTIONS = NO;
				ENABLE_STRICT_OBJC_MSGSEND = YES;
				GCC_C_LANGUAGE_STANDARD = gnu99;
				GCC_NO_COMMON_BLOCKS = YES;
				GCC_WARN_64_TO_32_BIT_CONVERSION = YES;
				GCC_WARN_ABOUT_RETURN_TYPE = YES_ERROR;
				GCC_WARN_UNDECLARED_SELECTOR = YES;
				GCC_WARN_UNINITIALIZED_AUTOS = YES_AGGRESSIVE;
				GCC_WARN_UNUSED_FUNCTION = YES;
				GCC_WARN_UNUSED_VARIABLE = YES;
				IPHONEOS_DEPLOYMENT_TARGET = 10.2;
				MTL_ENABLE_DEBUG_INFO = NO;
				SDKROOT = iphoneos;
				SWIFT_OPTIMIZATION_LEVEL = "-Owholemodule";
				TARGETED_DEVICE_FAMILY = "1,2";
				VALIDATE_PRODUCT = YES;
			};
			name = Release;
		};
		53CF3DE11E8A26E50073A516 /* Debug */ = {
			isa = XCBuildConfiguration;
			buildSettings = {
				ASSETCATALOG_COMPILER_APPICON_NAME = AppIcon;
				DEVELOPMENT_TEAM = J58QF9TXDQ;
				INFOPLIST_FILE = PokedexApp/Info.plist;
				LD_RUNPATH_SEARCH_PATHS = "$(inherited) @executable_path/Frameworks";
				PRODUCT_BUNDLE_IDENTIFIER = com.idara09.PokedexApp;
				PRODUCT_NAME = "$(TARGET_NAME)";
				SWIFT_VERSION = 3.0;
			};
			name = Debug;
		};
		53CF3DE21E8A26E50073A516 /* Release */ = {
			isa = XCBuildConfiguration;
			buildSettings = {
				ASSETCATALOG_COMPILER_APPICON_NAME = AppIcon;
				DEVELOPMENT_TEAM = J58QF9TXDQ;
				INFOPLIST_FILE = PokedexApp/Info.plist;
				LD_RUNPATH_SEARCH_PATHS = "$(inherited) @executable_path/Frameworks";
				PRODUCT_BUNDLE_IDENTIFIER = com.idara09.PokedexApp;
				PRODUCT_NAME = "$(TARGET_NAME)";
				SWIFT_VERSION = 3.0;
			};
			name = Release;
		};
/* End XCBuildConfiguration section */

/* Begin XCConfigurationList section */
		53CF3DC91E8A26E50073A516 /* Build configuration list for PBXProject "PokedexApp" */ = {
			isa = XCConfigurationList;
			buildConfigurations = (
				53CF3DDE1E8A26E50073A516 /* Debug */,
				53CF3DDF1E8A26E50073A516 /* Release */,
			);
			defaultConfigurationIsVisible = 0;
			defaultConfigurationName = Release;
		};
		53CF3DE01E8A26E50073A516 /* Build configuration list for PBXNativeTarget "PokedexApp" */ = {
			isa = XCConfigurationList;
			buildConfigurations = (
				53CF3DE11E8A26E50073A516 /* Debug */,
				53CF3DE21E8A26E50073A516 /* Release */,
			);
			defaultConfigurationIsVisible = 0;
		};
/* End XCConfigurationList section */
	};
	rootObject = 53CF3DC61E8A26E50073A516 /* Project object */;
}
