// !$*UTF8*$!
{
	archiveVersion = 1;
	classes = {
	};
	objectVersion = 46;
	objects = {

/* Begin PBXBuildFile section */
		5338FA311E9DD0BE0068281C /* weaknesses.json in Resources */ = {isa = PBXBuildFile; fileRef = 5338FA301E9DD0BE0068281C /* weaknesses.json */; };
		533A78821E9FDA6100554F7F /* GenericTVC.swift in Sources */ = {isa = PBXBuildFile; fileRef = 533A78811E9FDA6100554F7F /* GenericTVC.swift */; };
		536095B61E96F98900D2F2FC /* Ability.swift in Sources */ = {isa = PBXBuildFile; fileRef = 536095B51E96F98900D2F2FC /* Ability.swift */; };
		536095B81E970E1B00D2F2FC /* Colors.swift in Sources */ = {isa = PBXBuildFile; fileRef = 536095B71E970E1B00D2F2FC /* Colors.swift */; };
		536095BA1E970E9000D2F2FC /* SectionUILabel.swift in Sources */ = {isa = PBXBuildFile; fileRef = 536095B91E970E9000D2F2FC /* SectionUILabel.swift */; };
		536095BC1E9711AD00D2F2FC /* TypeUILabel.swift in Sources */ = {isa = PBXBuildFile; fileRef = 536095BB1E9711AD00D2F2FC /* TypeUILabel.swift */; };
		536095C01E9715D700D2F2FC /* MeasurementUILabel.swift in Sources */ = {isa = PBXBuildFile; fileRef = 536095BF1E9715D700D2F2FC /* MeasurementUILabel.swift */; };
		536095C21E97160500D2F2FC /* AbilityUILabel.swift in Sources */ = {isa = PBXBuildFile; fileRef = 536095C11E97160500D2F2FC /* AbilityUILabel.swift */; };
		536C46931E917FAE00FA9305 /* constants.plist in Resources */ = {isa = PBXBuildFile; fileRef = 536C46921E917FAE00FA9305 /* constants.plist */; };
		537F1A1D1E8A422F009D0400 /* HomeMenuTVC.swift in Sources */ = {isa = PBXBuildFile; fileRef = 537F1A1C1E8A422F009D0400 /* HomeMenuTVC.swift */; };
		538F963B1EA3D7C0005E63FB /* SettingTVC.swift in Sources */ = {isa = PBXBuildFile; fileRef = 538F963A1EA3D7C0005E63FB /* SettingTVC.swift */; };
		538F963F1EA479AE005E63FB /* DBUISegmentedControl.swift in Sources */ = {isa = PBXBuildFile; fileRef = 538F963E1EA479AE005E63FB /* DBUISegmentedControl.swift */; };
		53B4037D1E9B33FB00D64ABB /* Extension.swift in Sources */ = {isa = PBXBuildFile; fileRef = 53B4037C1E9B33FB00D64ABB /* Extension.swift */; };
		53B403841E9B344500D64ABB /* evolutions.json in Resources */ = {isa = PBXBuildFile; fileRef = 53B4037F1E9B344500D64ABB /* evolutions.json */; };
		53B403851E9B344500D64ABB /* measurements.json in Resources */ = {isa = PBXBuildFile; fileRef = 53B403801E9B344500D64ABB /* measurements.json */; };
		53B403861E9B344500D64ABB /* pokedex-enteries.json in Resources */ = {isa = PBXBuildFile; fileRef = 53B403811E9B344500D64ABB /* pokedex-enteries.json */; };
		53B403871E9B344500D64ABB /* pokemons.json in Resources */ = {isa = PBXBuildFile; fileRef = 53B403821E9B344500D64ABB /* pokemons.json */; };
		53C691891E8F5EEE00143AA6 /* PokemonInfoVC.swift in Sources */ = {isa = PBXBuildFile; fileRef = 53C691881E8F5EEE00143AA6 /* PokemonInfoVC.swift */; };
		53CF3DD21E8A26E50073A516 /* AppDelegate.swift in Sources */ = {isa = PBXBuildFile; fileRef = 53CF3DD11E8A26E50073A516 /* AppDelegate.swift */; };
		53CF3DD71E8A26E50073A516 /* Main.storyboard in Resources */ = {isa = PBXBuildFile; fileRef = 53CF3DD51E8A26E50073A516 /* Main.storyboard */; };
		53CF3DD91E8A26E50073A516 /* Assets.xcassets in Resources */ = {isa = PBXBuildFile; fileRef = 53CF3DD81E8A26E50073A516 /* Assets.xcassets */; };
		53CF3DDC1E8A26E50073A516 /* LaunchScreen.storyboard in Resources */ = {isa = PBXBuildFile; fileRef = 53CF3DDA1E8A26E50073A516 /* LaunchScreen.storyboard */; };
		53CF3DE71E8A27760073A516 /* PokedexTVC.swift in Sources */ = {isa = PBXBuildFile; fileRef = 53CF3DE61E8A27760073A516 /* PokedexTVC.swift */; };
		53CF3DEB1E8A28340073A516 /* PokedexCell.swift in Sources */ = {isa = PBXBuildFile; fileRef = 53CF3DEA1E8A28340073A516 /* PokedexCell.swift */; };
		53CF3DED1E8A284A0073A516 /* Pokemon.swift in Sources */ = {isa = PBXBuildFile; fileRef = 53CF3DEC1E8A284A0073A516 /* Pokemon.swift */; };
		53CF3DF31E8A29580073A516 /* Global.swift in Sources */ = {isa = PBXBuildFile; fileRef = 53CF3DF21E8A29580073A516 /* Global.swift */; };
		53CF3DF51E8A34590073A516 /* LoadData.swift in Sources */ = {isa = PBXBuildFile; fileRef = 53CF3DF41E8A34590073A516 /* LoadData.swift */; };
		53CF3DF81E8A3C250073A516 /* Utilities.swift in Sources */ = {isa = PBXBuildFile; fileRef = 53CF3DF71E8A3C250073A516 /* Utilities.swift */; };
		53ECA7071EA1EA3100964977 /* Move.swift in Sources */ = {isa = PBXBuildFile; fileRef = 53ECA7061EA1EA3100964977 /* Move.swift */; };
		53ECA70B1EA2719600964977 /* MoveCell.swift in Sources */ = {isa = PBXBuildFile; fileRef = 53ECA70A1EA2719600964977 /* MoveCell.swift */; };
		53ECA70D1EA2857900964977 /* Constrain.swift in Sources */ = {isa = PBXBuildFile; fileRef = 53ECA70C1EA2857900964977 /* Constrain.swift */; };
		53ECA70F1EA2F2B400964977 /* moves.json in Resources */ = {isa = PBXBuildFile; fileRef = 53ECA70E1EA2F2B400964977 /* moves.json */; };
		53ECA7121EA2F5A300964977 /* abilities.json in Resources */ = {isa = PBXBuildFile; fileRef = 53ECA7101EA2F5A300964977 /* abilities.json */; };
		53ECA7131EA2F5A300964977 /* pokemon-abilities.json in Resources */ = {isa = PBXBuildFile; fileRef = 53ECA7111EA2F5A300964977 /* pokemon-abilities.json */; };
		53ECA7151EA2FA2E00964977 /* AbilityCell.swift in Sources */ = {isa = PBXBuildFile; fileRef = 53ECA7141EA2FA2E00964977 /* AbilityCell.swift */; };
		53ECA7171EA2FA8000964977 /* TypeCell.swift in Sources */ = {isa = PBXBuildFile; fileRef = 53ECA7161EA2FA8000964977 /* TypeCell.swift */; };
		53F8F6E61E9CA70500D6AAAF /* ViewLauncher.swift in Sources */ = {isa = PBXBuildFile; fileRef = 53F8F6E51E9CA70500D6AAAF /* ViewLauncher.swift */; };
/* End PBXBuildFile section */

/* Begin PBXFileReference section */
		5338FA301E9DD0BE0068281C /* weaknesses.json */ = {isa = PBXFileReference; fileEncoding = 4; lastKnownFileType = text.json; path = weaknesses.json; sourceTree = "<group>"; };
		533A78811E9FDA6100554F7F /* GenericTVC.swift */ = {isa = PBXFileReference; fileEncoding = 4; lastKnownFileType = sourcecode.swift; path = GenericTVC.swift; sourceTree = "<group>"; };
		536095B51E96F98900D2F2FC /* Ability.swift */ = {isa = PBXFileReference; fileEncoding = 4; lastKnownFileType = sourcecode.swift; path = Ability.swift; sourceTree = "<group>"; };
		536095B71E970E1B00D2F2FC /* Colors.swift */ = {isa = PBXFileReference; fileEncoding = 4; lastKnownFileType = sourcecode.swift; path = Colors.swift; sourceTree = "<group>"; };
		536095B91E970E9000D2F2FC /* SectionUILabel.swift */ = {isa = PBXFileReference; fileEncoding = 4; lastKnownFileType = sourcecode.swift; path = SectionUILabel.swift; sourceTree = "<group>"; };
		536095BB1E9711AD00D2F2FC /* TypeUILabel.swift */ = {isa = PBXFileReference; fileEncoding = 4; lastKnownFileType = sourcecode.swift; path = TypeUILabel.swift; sourceTree = "<group>"; };
		536095BF1E9715D700D2F2FC /* MeasurementUILabel.swift */ = {isa = PBXFileReference; fileEncoding = 4; lastKnownFileType = sourcecode.swift; path = MeasurementUILabel.swift; sourceTree = "<group>"; };
		536095C11E97160500D2F2FC /* AbilityUILabel.swift */ = {isa = PBXFileReference; fileEncoding = 4; lastKnownFileType = sourcecode.swift; path = AbilityUILabel.swift; sourceTree = "<group>"; };
		536C46921E917FAE00FA9305 /* constants.plist */ = {isa = PBXFileReference; fileEncoding = 4; lastKnownFileType = text.plist.xml; path = constants.plist; sourceTree = "<group>"; };
		537F1A1C1E8A422F009D0400 /* HomeMenuTVC.swift */ = {isa = PBXFileReference; fileEncoding = 4; lastKnownFileType = sourcecode.swift; path = HomeMenuTVC.swift; sourceTree = "<group>"; };
		538F963A1EA3D7C0005E63FB /* SettingTVC.swift */ = {isa = PBXFileReference; fileEncoding = 4; lastKnownFileType = sourcecode.swift; path = SettingTVC.swift; sourceTree = "<group>"; };
		538F963E1EA479AE005E63FB /* DBUISegmentedControl.swift */ = {isa = PBXFileReference; fileEncoding = 4; lastKnownFileType = sourcecode.swift; path = DBUISegmentedControl.swift; sourceTree = "<group>"; };
		53B4037C1E9B33FB00D64ABB /* Extension.swift */ = {isa = PBXFileReference; fileEncoding = 4; lastKnownFileType = sourcecode.swift; path = Extension.swift; sourceTree = "<group>"; };
		53B4037F1E9B344500D64ABB /* evolutions.json */ = {isa = PBXFileReference; fileEncoding = 4; lastKnownFileType = text.json; path = evolutions.json; sourceTree = "<group>"; };
		53B403801E9B344500D64ABB /* measurements.json */ = {isa = PBXFileReference; fileEncoding = 4; lastKnownFileType = text.json; path = measurements.json; sourceTree = "<group>"; };
		53B403811E9B344500D64ABB /* pokedex-enteries.json */ = {isa = PBXFileReference; fileEncoding = 4; lastKnownFileType = text.json; path = "pokedex-enteries.json"; sourceTree = "<group>"; };
		53B403821E9B344500D64ABB /* pokemons.json */ = {isa = PBXFileReference; fileEncoding = 4; lastKnownFileType = text.json; path = pokemons.json; sourceTree = "<group>"; };
		53C691881E8F5EEE00143AA6 /* PokemonInfoVC.swift */ = {isa = PBXFileReference; fileEncoding = 4; lastKnownFileType = sourcecode.swift; path = PokemonInfoVC.swift; sourceTree = "<group>"; };
		53CF3DCE1E8A26E50073A516 /* PokedexApp.app */ = {isa = PBXFileReference; explicitFileType = wrapper.application; includeInIndex = 0; path = PokedexApp.app; sourceTree = BUILT_PRODUCTS_DIR; };
		53CF3DD11E8A26E50073A516 /* AppDelegate.swift */ = {isa = PBXFileReference; lastKnownFileType = sourcecode.swift; path = AppDelegate.swift; sourceTree = "<group>"; };
		53CF3DD61E8A26E50073A516 /* Base */ = {isa = PBXFileReference; lastKnownFileType = file.storyboard; name = Base; path = Base.lproj/Main.storyboard; sourceTree = "<group>"; };
		53CF3DD81E8A26E50073A516 /* Assets.xcassets */ = {isa = PBXFileReference; lastKnownFileType = folder.assetcatalog; path = Assets.xcassets; sourceTree = "<group>"; };
		53CF3DDB1E8A26E50073A516 /* Base */ = {isa = PBXFileReference; lastKnownFileType = file.storyboard; name = Base; path = Base.lproj/LaunchScreen.storyboard; sourceTree = "<group>"; };
		53CF3DDD1E8A26E50073A516 /* Info.plist */ = {isa = PBXFileReference; lastKnownFileType = text.plist.xml; path = Info.plist; sourceTree = "<group>"; };
		53CF3DE61E8A27760073A516 /* PokedexTVC.swift */ = {isa = PBXFileReference; fileEncoding = 4; lastKnownFileType = sourcecode.swift; path = PokedexTVC.swift; sourceTree = "<group>"; };
		53CF3DEA1E8A28340073A516 /* PokedexCell.swift */ = {isa = PBXFileReference; fileEncoding = 4; lastKnownFileType = sourcecode.swift; path = PokedexCell.swift; sourceTree = "<group>"; };
		53CF3DEC1E8A284A0073A516 /* Pokemon.swift */ = {isa = PBXFileReference; fileEncoding = 4; lastKnownFileType = sourcecode.swift; path = Pokemon.swift; sourceTree = "<group>"; };
		53CF3DF21E8A29580073A516 /* Global.swift */ = {isa = PBXFileReference; fileEncoding = 4; lastKnownFileType = sourcecode.swift; path = Global.swift; sourceTree = "<group>"; };
		53CF3DF41E8A34590073A516 /* LoadData.swift */ = {isa = PBXFileReference; fileEncoding = 4; lastKnownFileType = sourcecode.swift; path = LoadData.swift; sourceTree = "<group>"; };
		53CF3DF71E8A3C250073A516 /* Utilities.swift */ = {isa = PBXFileReference; fileEncoding = 4; lastKnownFileType = sourcecode.swift; path = Utilities.swift; sourceTree = "<group>"; };
		53ECA7061EA1EA3100964977 /* Move.swift */ = {isa = PBXFileReference; fileEncoding = 4; lastKnownFileType = sourcecode.swift; path = Move.swift; sourceTree = "<group>"; };
		53ECA70A1EA2719600964977 /* MoveCell.swift */ = {isa = PBXFileReference; fileEncoding = 4; lastKnownFileType = sourcecode.swift; path = MoveCell.swift; sourceTree = "<group>"; };
		53ECA70C1EA2857900964977 /* Constrain.swift */ = {isa = PBXFileReference; fileEncoding = 4; lastKnownFileType = sourcecode.swift; path = Constrain.swift; sourceTree = "<group>"; };
		53ECA70E1EA2F2B400964977 /* moves.json */ = {isa = PBXFileReference; fileEncoding = 4; lastKnownFileType = text.json; path = moves.json; sourceTree = "<group>"; };
		53ECA7101EA2F5A300964977 /* abilities.json */ = {isa = PBXFileReference; fileEncoding = 4; lastKnownFileType = text.json; path = abilities.json; sourceTree = "<group>"; };
		53ECA7111EA2F5A300964977 /* pokemon-abilities.json */ = {isa = PBXFileReference; fileEncoding = 4; lastKnownFileType = text.json; path = "pokemon-abilities.json"; sourceTree = "<group>"; };
		53ECA7141EA2FA2E00964977 /* AbilityCell.swift */ = {isa = PBXFileReference; fileEncoding = 4; lastKnownFileType = sourcecode.swift; path = AbilityCell.swift; sourceTree = "<group>"; };
		53ECA7161EA2FA8000964977 /* TypeCell.swift */ = {isa = PBXFileReference; fileEncoding = 4; lastKnownFileType = sourcecode.swift; path = TypeCell.swift; sourceTree = "<group>"; };
		53F8F6E51E9CA70500D6AAAF /* ViewLauncher.swift */ = {isa = PBXFileReference; fileEncoding = 4; lastKnownFileType = sourcecode.swift; path = ViewLauncher.swift; sourceTree = "<group>"; };
/* End PBXFileReference section */

/* Begin PBXFrameworksBuildPhase section */
		53CF3DCB1E8A26E50073A516 /* Frameworks */ = {
			isa = PBXFrameworksBuildPhase;
			buildActionMask = 2147483647;
			files = (
			);
			runOnlyForDeploymentPostprocessing = 0;
		};
/* End PBXFrameworksBuildPhase section */

/* Begin PBXGroup section */
		5389C1FD1E8EFD02001594B0 /* Resources */ = {
			isa = PBXGroup;
			children = (
				53ECA7101EA2F5A300964977 /* abilities.json */,
				53ECA70E1EA2F2B400964977 /* moves.json */,
				53B4037F1E9B344500D64ABB /* evolutions.json */,
				53B403821E9B344500D64ABB /* pokemons.json */,
				53B403801E9B344500D64ABB /* measurements.json */,
				53B403811E9B344500D64ABB /* pokedex-enteries.json */,
				53ECA7111EA2F5A300964977 /* pokemon-abilities.json */,
				5338FA301E9DD0BE0068281C /* weaknesses.json */,
				536C46921E917FAE00FA9305 /* constants.plist */,
			);
			name = Resources;
			sourceTree = "<group>";
		};
		53CF3DC51E8A26E50073A516 = {
			isa = PBXGroup;
			children = (
				53CF3DD01E8A26E50073A516 /* PokedexApp */,
				53CF3DCF1E8A26E50073A516 /* Products */,
			);
			sourceTree = "<group>";
		};
		53CF3DCF1E8A26E50073A516 /* Products */ = {
			isa = PBXGroup;
			children = (
				53CF3DCE1E8A26E50073A516 /* PokedexApp.app */,
			);
			name = Products;
			sourceTree = "<group>";
		};
		53CF3DD01E8A26E50073A516 /* PokedexApp */ = {
			isa = PBXGroup;
			children = (
				53CF3DE41E8A27050073A516 /* View */,
				53CF3DE31E8A27000073A516 /* Model */,
				53CF3DE51E8A27090073A516 /* Controller */,
				53CF3DEE1E8A28D10073A516 /* Utilities */,
				53CF3DF11E8A29450073A516 /* Constants */,
				5389C1FD1E8EFD02001594B0 /* Resources */,
				53CF3DD81E8A26E50073A516 /* Assets.xcassets */,
				53CF3DD51E8A26E50073A516 /* Main.storyboard */,
				53CF3DDA1E8A26E50073A516 /* LaunchScreen.storyboard */,
				53CF3DDD1E8A26E50073A516 /* Info.plist */,
			);
			path = PokedexApp;
			sourceTree = "<group>";
		};
		53CF3DE31E8A27000073A516 /* Model */ = {
			isa = PBXGroup;
			children = (
				53CF3DD11E8A26E50073A516 /* AppDelegate.swift */,
				53F8F6E51E9CA70500D6AAAF /* ViewLauncher.swift */,
				53CF3DEC1E8A284A0073A516 /* Pokemon.swift */,
				536095B51E96F98900D2F2FC /* Ability.swift */,
				53ECA7061EA1EA3100964977 /* Move.swift */,
				53ECA70C1EA2857900964977 /* Constrain.swift */,
				536095B71E970E1B00D2F2FC /* Colors.swift */,
			);
			name = Model;
			sourceTree = "<group>";
		};
		53CF3DE41E8A27050073A516 /* View */ = {
			isa = PBXGroup;
			children = (
				53CF3DEA1E8A28340073A516 /* PokedexCell.swift */,
				53ECA7161EA2FA8000964977 /* TypeCell.swift */,
				53ECA70A1EA2719600964977 /* MoveCell.swift */,
				53ECA7141EA2FA2E00964977 /* AbilityCell.swift */,
				536095B91E970E9000D2F2FC /* SectionUILabel.swift */,
				536095BB1E9711AD00D2F2FC /* TypeUILabel.swift */,
				536095BF1E9715D700D2F2FC /* MeasurementUILabel.swift */,
				536095C11E97160500D2F2FC /* AbilityUILabel.swift */,
				538F963E1EA479AE005E63FB /* DBUISegmentedControl.swift */,
			);
			name = View;
			sourceTree = "<group>";
		};
		53CF3DE51E8A27090073A516 /* Controller */ = {
			isa = PBXGroup;
			children = (
				537F1A1C1E8A422F009D0400 /* HomeMenuTVC.swift */,
				538F963A1EA3D7C0005E63FB /* SettingTVC.swift */,
				533A78811E9FDA6100554F7F /* GenericTVC.swift */,
				53CF3DE61E8A27760073A516 /* PokedexTVC.swift */,
				53C691881E8F5EEE00143AA6 /* PokemonInfoVC.swift */,
			);
			name = Controller;
			sourceTree = "<group>";
		};
		53CF3DEE1E8A28D10073A516 /* Utilities */ = {
			isa = PBXGroup;
			children = (
				53CF3DF71E8A3C250073A516 /* Utilities.swift */,
				53CF3DF41E8A34590073A516 /* LoadData.swift */,
				53B4037C1E9B33FB00D64ABB /* Extension.swift */,
			);
			name = Utilities;
			sourceTree = "<group>";
		};
		53CF3DF11E8A29450073A516 /* Constants */ = {
			isa = PBXGroup;
			children = (
				53CF3DF21E8A29580073A516 /* Global.swift */,
			);
			name = Constants;
			sourceTree = "<group>";
		};
/* End PBXGroup section */

/* Begin PBXNativeTarget section */
		53CF3DCD1E8A26E50073A516 /* PokedexApp */ = {
			isa = PBXNativeTarget;
			buildConfigurationList = 53CF3DE01E8A26E50073A516 /* Build configuration list for PBXNativeTarget "PokedexApp" */;
			buildPhases = (
				53CF3DCA1E8A26E50073A516 /* Sources */,
				53CF3DCB1E8A26E50073A516 /* Frameworks */,
				53CF3DCC1E8A26E50073A516 /* Resources */,
			);
			buildRules = (
			);
			dependencies = (
			);
			name = PokedexApp;
			productName = PokedexApp;
			productReference = 53CF3DCE1E8A26E50073A516 /* PokedexApp.app */;
			productType = "com.apple.product-type.application";
		};
/* End PBXNativeTarget section */

/* Begin PBXProject section */
		53CF3DC61E8A26E50073A516 /* Project object */ = {
			isa = PBXProject;
			attributes = {
				LastSwiftUpdateCheck = 0820;
				LastUpgradeCheck = 0820;
				ORGANIZATIONNAME = iDara09;
				TargetAttributes = {
					53CF3DCD1E8A26E50073A516 = {
						CreatedOnToolsVersion = 8.2.1;
						DevelopmentTeam = J58QF9TXDQ;
						ProvisioningStyle = Automatic;
					};
				};
			};
			buildConfigurationList = 53CF3DC91E8A26E50073A516 /* Build configuration list for PBXProject "PokedexApp" */;
			compatibilityVersion = "Xcode 3.2";
			developmentRegion = English;
			hasScannedForEncodings = 0;
			knownRegions = (
				en,
				Base,
			);
			mainGroup = 53CF3DC51E8A26E50073A516;
			productRefGroup = 53CF3DCF1E8A26E50073A516 /* Products */;
			projectDirPath = "";
			projectRoot = "";
			targets = (
				53CF3DCD1E8A26E50073A516 /* PokedexApp */,
			);
		};
/* End PBXProject section */

/* Begin PBXResourcesBuildPhase section */
		53CF3DCC1E8A26E50073A516 /* Resources */ = {
			isa = PBXResourcesBuildPhase;
			buildActionMask = 2147483647;
			files = (
				53ECA7121EA2F5A300964977 /* abilities.json in Resources */,
				53B403861E9B344500D64ABB /* pokedex-enteries.json in Resources */,
				536C46931E917FAE00FA9305 /* constants.plist in Resources */,
				53CF3DDC1E8A26E50073A516 /* LaunchScreen.storyboard in Resources */,
				53B403851E9B344500D64ABB /* measurements.json in Resources */,
				53B403841E9B344500D64ABB /* evolutions.json in Resources */,
				53ECA7131EA2F5A300964977 /* pokemon-abilities.json in Resources */,
				53ECA70F1EA2F2B400964977 /* moves.json in Resources */,
				53B403871E9B344500D64ABB /* pokemons.json in Resources */,
				53CF3DD91E8A26E50073A516 /* Assets.xcassets in Resources */,
				5338FA311E9DD0BE0068281C /* weaknesses.json in Resources */,
				53CF3DD71E8A26E50073A516 /* Main.storyboard in Resources */,
			);
			runOnlyForDeploymentPostprocessing = 0;
		};
/* End PBXResourcesBuildPhase section */

/* Begin PBXSourcesBuildPhase section */
		53CF3DCA1E8A26E50073A516 /* Sources */ = {
			isa = PBXSourcesBuildPhase;
			buildActionMask = 2147483647;
			files = (
				53C691891E8F5EEE00143AA6 /* PokemonInfoVC.swift in Sources */,
				53CF3DF81E8A3C250073A516 /* Utilities.swift in Sources */,
				53F8F6E61E9CA70500D6AAAF /* ViewLauncher.swift in Sources */,
				536095B81E970E1B00D2F2FC /* Colors.swift in Sources */,
				536095BC1E9711AD00D2F2FC /* TypeUILabel.swift in Sources */,
				538F963B1EA3D7C0005E63FB /* SettingTVC.swift in Sources */,
				53CF3DED1E8A284A0073A516 /* Pokemon.swift in Sources */,
				538F963F1EA479AE005E63FB /* DBUISegmentedControl.swift in Sources */,
				536095BA1E970E9000D2F2FC /* SectionUILabel.swift in Sources */,
				537F1A1D1E8A422F009D0400 /* HomeMenuTVC.swift in Sources */,
				53ECA7071EA1EA3100964977 /* Move.swift in Sources */,
				53ECA7171EA2FA8000964977 /* TypeCell.swift in Sources */,
				53ECA70D1EA2857900964977 /* Constrain.swift in Sources */,
				536095C21E97160500D2F2FC /* AbilityUILabel.swift in Sources */,
				533A78821E9FDA6100554F7F /* GenericTVC.swift in Sources */,
				53CF3DEB1E8A28340073A516 /* PokedexCell.swift in Sources */,
				53CF3DF51E8A34590073A516 /* LoadData.swift in Sources */,
				53ECA7151EA2FA2E00964977 /* AbilityCell.swift in Sources */,
				53CF3DF31E8A29580073A516 /* Global.swift in Sources */,
				53B4037D1E9B33FB00D64ABB /* Extension.swift in Sources */,
				53ECA70B1EA2719600964977 /* MoveCell.swift in Sources */,
				536095C01E9715D700D2F2FC /* MeasurementUILabel.swift in Sources */,
				53CF3DE71E8A27760073A516 /* PokedexTVC.swift in Sources */,
				53CF3DD21E8A26E50073A516 /* AppDelegate.swift in Sources */,
				536095B61E96F98900D2F2FC /* Ability.swift in Sources */,
			);
			runOnlyForDeploymentPostprocessing = 0;
		};
/* End PBXSourcesBuildPhase section */

/* Begin PBXVariantGroup section */
		53CF3DD51E8A26E50073A516 /* Main.storyboard */ = {
			isa = PBXVariantGroup;
			children = (
				53CF3DD61E8A26E50073A516 /* Base */,
			);
			name = Main.storyboard;
			sourceTree = "<group>";
		};
		53CF3DDA1E8A26E50073A516 /* LaunchScreen.storyboard */ = {
			isa = PBXVariantGroup;
			children = (
				53CF3DDB1E8A26E50073A516 /* Base */,
			);
			name = LaunchScreen.storyboard;
			sourceTree = "<group>";
		};
/* End PBXVariantGroup section */

/* Begin XCBuildConfiguration section */
		53CF3DDE1E8A26E50073A516 /* Debug */ = {
			isa = XCBuildConfiguration;
			buildSettings = {
				ALWAYS_SEARCH_USER_PATHS = NO;
				CLANG_ANALYZER_NONNULL = YES;
				CLANG_CXX_LANGUAGE_STANDARD = "gnu++0x";
				CLANG_CXX_LIBRARY = "libc++";
				CLANG_ENABLE_MODULES = YES;
				CLANG_ENABLE_OBJC_ARC = YES;
				CLANG_WARN_BOOL_CONVERSION = YES;
				CLANG_WARN_CONSTANT_CONVERSION = YES;
				CLANG_WARN_DIRECT_OBJC_ISA_USAGE = YES_ERROR;
				CLANG_WARN_DOCUMENTATION_COMMENTS = YES;
				CLANG_WARN_EMPTY_BODY = YES;
				CLANG_WARN_ENUM_CONVERSION = YES;
				CLANG_WARN_INFINITE_RECURSION = YES;
				CLANG_WARN_INT_CONVERSION = YES;
				CLANG_WARN_OBJC_ROOT_CLASS = YES_ERROR;
				CLANG_WARN_SUSPICIOUS_MOVE = YES;
				CLANG_WARN_UNREACHABLE_CODE = YES;
				CLANG_WARN__DUPLICATE_METHOD_MATCH = YES;
				"CODE_SIGN_IDENTITY[sdk=iphoneos*]" = "iPhone Developer";
				COPY_PHASE_STRIP = NO;
				DEBUG_INFORMATION_FORMAT = dwarf;
				ENABLE_STRICT_OBJC_MSGSEND = YES;
				ENABLE_TESTABILITY = YES;
				GCC_C_LANGUAGE_STANDARD = gnu99;
				GCC_DYNAMIC_NO_PIC = NO;
				GCC_NO_COMMON_BLOCKS = YES;
				GCC_OPTIMIZATION_LEVEL = 0;
				GCC_PREPROCESSOR_DEFINITIONS = (
					"DEBUG=1",
					"$(inherited)",
				);
				GCC_WARN_64_TO_32_BIT_CONVERSION = YES;
				GCC_WARN_ABOUT_RETURN_TYPE = YES_ERROR;
				GCC_WARN_UNDECLARED_SELECTOR = YES;
				GCC_WARN_UNINITIALIZED_AUTOS = YES_AGGRESSIVE;
				GCC_WARN_UNUSED_FUNCTION = YES;
				GCC_WARN_UNUSED_VARIABLE = YES;
				IPHONEOS_DEPLOYMENT_TARGET = 10.2;
				MTL_ENABLE_DEBUG_INFO = YES;
				ONLY_ACTIVE_ARCH = YES;
				SDKROOT = iphoneos;
				SWIFT_ACTIVE_COMPILATION_CONDITIONS = DEBUG;
				SWIFT_OPTIMIZATION_LEVEL = "-Onone";
				TARGETED_DEVICE_FAMILY = "1,2";
			};
			name = Debug;
		};
		53CF3DDF1E8A26E50073A516 /* Release */ = {
			isa = XCBuildConfiguration;
			buildSettings = {
				ALWAYS_SEARCH_USER_PATHS = NO;
				CLANG_ANALYZER_NONNULL = YES;
				CLANG_CXX_LANGUAGE_STANDARD = "gnu++0x";
				CLANG_CXX_LIBRARY = "libc++";
				CLANG_ENABLE_MODULES = YES;
				CLANG_ENABLE_OBJC_ARC = YES;
				CLANG_WARN_BOOL_CONVERSION = YES;
				CLANG_WARN_CONSTANT_CONVERSION = YES;
				CLANG_WARN_DIRECT_OBJC_ISA_USAGE = YES_ERROR;
				CLANG_WARN_DOCUMENTATION_COMMENTS = YES;
				CLANG_WARN_EMPTY_BODY = YES;
				CLANG_WARN_ENUM_CONVERSION = YES;
				CLANG_WARN_INFINITE_RECURSION = YES;
				CLANG_WARN_INT_CONVERSION = YES;
				CLANG_WARN_OBJC_ROOT_CLASS = YES_ERROR;
				CLANG_WARN_SUSPICIOUS_MOVE = YES;
				CLANG_WARN_UNREACHABLE_CODE = YES;
				CLANG_WARN__DUPLICATE_METHOD_MATCH = YES;
				"CODE_SIGN_IDENTITY[sdk=iphoneos*]" = "iPhone Developer";
				COPY_PHASE_STRIP = NO;
				DEBUG_INFORMATION_FORMAT = "dwarf-with-dsym";
				ENABLE_NS_ASSERTIONS = NO;
				ENABLE_STRICT_OBJC_MSGSEND = YES;
				GCC_C_LANGUAGE_STANDARD = gnu99;
				GCC_NO_COMMON_BLOCKS = YES;
				GCC_WARN_64_TO_32_BIT_CONVERSION = YES;
				GCC_WARN_ABOUT_RETURN_TYPE = YES_ERROR;
				GCC_WARN_UNDECLARED_SELECTOR = YES;
				GCC_WARN_UNINITIALIZED_AUTOS = YES_AGGRESSIVE;
				GCC_WARN_UNUSED_FUNCTION = YES;
				GCC_WARN_UNUSED_VARIABLE = YES;
				IPHONEOS_DEPLOYMENT_TARGET = 10.2;
				MTL_ENABLE_DEBUG_INFO = NO;
				SDKROOT = iphoneos;
				SWIFT_OPTIMIZATION_LEVEL = "-Owholemodule";
				TARGETED_DEVICE_FAMILY = "1,2";
				VALIDATE_PRODUCT = YES;
			};
			name = Release;
		};
		53CF3DE11E8A26E50073A516 /* Debug */ = {
			isa = XCBuildConfiguration;
			buildSettings = {
				ASSETCATALOG_COMPILER_APPICON_NAME = AppIcon;
				DEVELOPMENT_TEAM = J58QF9TXDQ;
				INFOPLIST_FILE = PokedexApp/Info.plist;
				LD_RUNPATH_SEARCH_PATHS = "$(inherited) @executable_path/Frameworks";
				PRODUCT_BUNDLE_IDENTIFIER = com.idara09.PokedexApp;
				PRODUCT_NAME = "$(TARGET_NAME)";
				SWIFT_VERSION = 3.0;
			};
			name = Debug;
		};
		53CF3DE21E8A26E50073A516 /* Release */ = {
			isa = XCBuildConfiguration;
			buildSettings = {
				ASSETCATALOG_COMPILER_APPICON_NAME = AppIcon;
				DEVELOPMENT_TEAM = J58QF9TXDQ;
				INFOPLIST_FILE = PokedexApp/Info.plist;
				LD_RUNPATH_SEARCH_PATHS = "$(inherited) @executable_path/Frameworks";
				PRODUCT_BUNDLE_IDENTIFIER = com.idara09.PokedexApp;
				PRODUCT_NAME = "$(TARGET_NAME)";
				SWIFT_VERSION = 3.0;
			};
			name = Release;
		};
/* End XCBuildConfiguration section */

/* Begin XCConfigurationList section */
		53CF3DC91E8A26E50073A516 /* Build configuration list for PBXProject "PokedexApp" */ = {
			isa = XCConfigurationList;
			buildConfigurations = (
				53CF3DDE1E8A26E50073A516 /* Debug */,
				53CF3DDF1E8A26E50073A516 /* Release */,
			);
			defaultConfigurationIsVisible = 0;
			defaultConfigurationName = Release;
		};
		53CF3DE01E8A26E50073A516 /* Build configuration list for PBXNativeTarget "PokedexApp" */ = {
			isa = XCConfigurationList;
			buildConfigurations = (
				53CF3DE11E8A26E50073A516 /* Debug */,
				53CF3DE21E8A26E50073A516 /* Release */,
			);
			defaultConfigurationIsVisible = 0;
			defaultConfigurationName = Release;
		};
/* End XCConfigurationList section */
	};
	rootObject = 53CF3DC61E8A26E50073A516 /* Project object */;
}
